
Microsoft Visual Studio Solution File, Format Version 12.00
# Visual Studio Version 17
VisualStudioVersion = 17.3.32714.290
MinimumVisualStudioVersion = 10.0.40219.1
Project("{2150E333-8FDC-42A3-9474-1A3956D46DE8}") = "Test Suite", "Test Suite", "{09A02B9E-4640-4D45-8238-4D04F7BEBCA4}"
EndProject
Project("{9A19103F-16F7-4668-BE54-9A1E7A4F7556}") = "Gantry.Core", "src\Gantry.Core\Gantry.Core.csproj", "{2677E37D-3C60-40A2-9767-2C02C1085E20}"
EndProject
Project("{2150E333-8FDC-42A3-9474-1A3956D46DE8}") = "Tools", "Tools", "{E2B27D3D-D7ED-49E1-8AF0-103A8C28C7A3}"
	ProjectSection(SolutionItems) = preProject
		pack.bat = pack.bat
	EndProjectSection
EndProject
Project("{2150E333-8FDC-42A3-9474-1A3956D46DE8}") = "Solution Items", "Solution Items", "{BF1FD967-FE53-48A0-AB3F-7113E187E814}"
	ProjectSection(SolutionItems) = preProject
		.gitignore = .gitignore
	EndProjectSection
EndProject
Project("{9A19103F-16F7-4668-BE54-9A1E7A4F7556}") = "Gantry.Services.FileSystem", "src\Gantry.Services.FileSystem\Gantry.Services.FileSystem.csproj", "{0395829E-E685-4528-A9E9-99A937BB8A9B}"
EndProject
Project("{9A19103F-16F7-4668-BE54-9A1E7A4F7556}") = "Gantry.Services.Network", "src\Gantry.Services.Network\Gantry.Services.Network.csproj", "{D0FBC101-3D5E-4C14-BF02-3D49ECE3FF31}"
EndProject
Project("{9A19103F-16F7-4668-BE54-9A1E7A4F7556}") = "Gantry.Core.DependencyInjection", "src\Gantry.Core.DependencyInjection\Gantry.Core.DependencyInjection.csproj", "{1ED911F5-AC23-44BB-B8BF-460561B3B2F7}"
EndProject
Project("{9A19103F-16F7-4668-BE54-9A1E7A4F7556}") = "Gantry.Services.HarmonyPatches", "src\Gantry.Services.HarmonyPatches\Gantry.Services.HarmonyPatches.csproj", "{2D2923BD-C934-407C-ACF7-365C2169305D}"
EndProject
Project("{9A19103F-16F7-4668-BE54-9A1E7A4F7556}") = "Gantry.Services.FileSystem.DependencyInjection", "src\Gantry.Services.FileSystem.DependencyInjection\Gantry.Services.FileSystem.DependencyInjection.csproj", "{B981B699-47B9-48FE-8E1F-340D9EA1C056}"
EndProject
Project("{9A19103F-16F7-4668-BE54-9A1E7A4F7556}") = "Gantry.Services.HarmonyPatches.DependencyInjection", "src\Gantry.Services.HarmonyPatches.DependencyInjection\Gantry.Services.HarmonyPatches.DependencyInjection.csproj", "{ECE32BCE-F2E0-4629-9974-4EA0A644D140}"
EndProject
Project("{9A19103F-16F7-4668-BE54-9A1E7A4F7556}") = "Gantry.Services.Network.DependencyInjection", "src\Gantry.Services.Network.DependencyInjection\Gantry.Services.Network.DependencyInjection.csproj", "{67F84EAE-B4F1-41B3-AD5B-B58A4EBE29E7}"
EndProject
Project("{2150E333-8FDC-42A3-9474-1A3956D46DE8}") = "Current", "Current", "{98BAD7BE-697D-4639-99D5-2CC0B8F54D4A}"
	ProjectSection(SolutionItems) = preProject
		src\Directory.Build.props = src\Directory.Build.props
		src\Directory.Build.targets = src\Directory.Build.targets
		src\Directory.Packages.props = src\Directory.Packages.props
	EndProjectSection
EndProject
Project("{2150E333-8FDC-42A3-9474-1A3956D46DE8}") = "Source", "Source", "{89BDE224-A1E6-4CEF-86C8-79798C337F3C}"
EndProject
Project("{2150E333-8FDC-42A3-9474-1A3956D46DE8}") = "Core", "Core", "{A901CEE4-B5B1-436D-9759-FCC8AAE8614B}"
EndProject
Project("{2150E333-8FDC-42A3-9474-1A3956D46DE8}") = "Services", "Services", "{9978C9A9-CC56-49A8-B63A-D453BE1A4230}"
EndProject
Project("{2150E333-8FDC-42A3-9474-1A3956D46DE8}") = "Dependency Injection", "Dependency Injection", "{BC07D78C-9B04-4401-8C87-F84E51051EA8}"
EndProject
Project("{2150E333-8FDC-42A3-9474-1A3956D46DE8}") = "Documentation", "Documentation", "{96DA4618-BF8E-4228-825C-1385FAD305EC}"
	ProjectSection(SolutionItems) = preProject
		docs\LICENCE.md = docs\LICENCE.md
		docs\README.md = docs\README.md
		docs\TROUBLESHOOTING.md = docs\TROUBLESHOOTING.md
	EndProjectSection
EndProject
Project("{FAE04EC0-301F-11D3-BF4B-00C04F79EFBC}") = "ApacheTech.VintageMods.DotNetFrameworkLauncher", "..\..\ApacheTech.VintageMods.DotNetFrameworkLauncher\ApacheTech.VintageMods.DotNetFrameworkLauncher\ApacheTech.VintageMods.DotNetFrameworkLauncher.csproj", "{EBC0233E-F9F2-4B60-B145-143CD650A63B}"
EndProject
Project("{9A19103F-16F7-4668-BE54-9A1E7A4F7556}") = "Gantry.Tests.AcceptanceMod", "tests\Gantry.Tests.AcceptanceMod\Gantry.Tests.AcceptanceMod.csproj", "{06886DE2-4DB9-44C0-AD47-AA17B78B0C35}"
EndProject
Project("{9A19103F-16F7-4668-BE54-9A1E7A4F7556}") = "Gantry.Tests.Unit", "tests\Gantry.Tests.Unit\Gantry.Tests.Unit.csproj", "{26B7B845-E2CF-4378-9091-64D0B065F30F}"
EndProject
Project("{9A19103F-16F7-4668-BE54-9A1E7A4F7556}") = "Gantry.Tests.Benchmarks", "tests\Gantry.Tests.Benchmarks\Gantry.Tests.Benchmarks.csproj", "{C9886626-344D-4FCE-A5FC-79C32B7CF78F}"
EndProject
Global
	GlobalSection(SolutionConfigurationPlatforms) = preSolution
		Debug|Any CPU = Debug|Any CPU
		Package|Any CPU = Package|Any CPU
		Release|Any CPU = Release|Any CPU
	EndGlobalSection
	GlobalSection(ProjectConfigurationPlatforms) = postSolution
		{2677E37D-3C60-40A2-9767-2C02C1085E20}.Debug|Any CPU.ActiveCfg = Debug|Any CPU
		{2677E37D-3C60-40A2-9767-2C02C1085E20}.Debug|Any CPU.Build.0 = Debug|Any CPU
		{2677E37D-3C60-40A2-9767-2C02C1085E20}.Package|Any CPU.ActiveCfg = Debug|Any CPU
		{2677E37D-3C60-40A2-9767-2C02C1085E20}.Package|Any CPU.Build.0 = Debug|Any CPU
		{2677E37D-3C60-40A2-9767-2C02C1085E20}.Release|Any CPU.ActiveCfg = Release|Any CPU
		{2677E37D-3C60-40A2-9767-2C02C1085E20}.Release|Any CPU.Build.0 = Release|Any CPU
		{0395829E-E685-4528-A9E9-99A937BB8A9B}.Debug|Any CPU.ActiveCfg = Debug|Any CPU
		{0395829E-E685-4528-A9E9-99A937BB8A9B}.Debug|Any CPU.Build.0 = Debug|Any CPU
		{0395829E-E685-4528-A9E9-99A937BB8A9B}.Package|Any CPU.ActiveCfg = Debug|Any CPU
		{0395829E-E685-4528-A9E9-99A937BB8A9B}.Package|Any CPU.Build.0 = Debug|Any CPU
		{0395829E-E685-4528-A9E9-99A937BB8A9B}.Release|Any CPU.ActiveCfg = Release|Any CPU
		{0395829E-E685-4528-A9E9-99A937BB8A9B}.Release|Any CPU.Build.0 = Release|Any CPU
		{D0FBC101-3D5E-4C14-BF02-3D49ECE3FF31}.Debug|Any CPU.ActiveCfg = Debug|Any CPU
		{D0FBC101-3D5E-4C14-BF02-3D49ECE3FF31}.Debug|Any CPU.Build.0 = Debug|Any CPU
		{D0FBC101-3D5E-4C14-BF02-3D49ECE3FF31}.Package|Any CPU.ActiveCfg = Debug|Any CPU
		{D0FBC101-3D5E-4C14-BF02-3D49ECE3FF31}.Package|Any CPU.Build.0 = Debug|Any CPU
		{D0FBC101-3D5E-4C14-BF02-3D49ECE3FF31}.Release|Any CPU.ActiveCfg = Release|Any CPU
		{D0FBC101-3D5E-4C14-BF02-3D49ECE3FF31}.Release|Any CPU.Build.0 = Release|Any CPU
		{1ED911F5-AC23-44BB-B8BF-460561B3B2F7}.Debug|Any CPU.ActiveCfg = Debug|Any CPU
		{1ED911F5-AC23-44BB-B8BF-460561B3B2F7}.Debug|Any CPU.Build.0 = Debug|Any CPU
		{1ED911F5-AC23-44BB-B8BF-460561B3B2F7}.Package|Any CPU.ActiveCfg = Debug|Any CPU
		{1ED911F5-AC23-44BB-B8BF-460561B3B2F7}.Package|Any CPU.Build.0 = Debug|Any CPU
		{1ED911F5-AC23-44BB-B8BF-460561B3B2F7}.Release|Any CPU.ActiveCfg = Release|Any CPU
		{1ED911F5-AC23-44BB-B8BF-460561B3B2F7}.Release|Any CPU.Build.0 = Release|Any CPU
		{2D2923BD-C934-407C-ACF7-365C2169305D}.Debug|Any CPU.ActiveCfg = Debug|Any CPU
		{2D2923BD-C934-407C-ACF7-365C2169305D}.Debug|Any CPU.Build.0 = Debug|Any CPU
		{2D2923BD-C934-407C-ACF7-365C2169305D}.Package|Any CPU.ActiveCfg = Debug|Any CPU
		{2D2923BD-C934-407C-ACF7-365C2169305D}.Package|Any CPU.Build.0 = Debug|Any CPU
		{2D2923BD-C934-407C-ACF7-365C2169305D}.Release|Any CPU.ActiveCfg = Release|Any CPU
		{2D2923BD-C934-407C-ACF7-365C2169305D}.Release|Any CPU.Build.0 = Release|Any CPU
		{B981B699-47B9-48FE-8E1F-340D9EA1C056}.Debug|Any CPU.ActiveCfg = Debug|Any CPU
		{B981B699-47B9-48FE-8E1F-340D9EA1C056}.Debug|Any CPU.Build.0 = Debug|Any CPU
		{B981B699-47B9-48FE-8E1F-340D9EA1C056}.Package|Any CPU.ActiveCfg = Debug|Any CPU
		{B981B699-47B9-48FE-8E1F-340D9EA1C056}.Package|Any CPU.Build.0 = Debug|Any CPU
		{B981B699-47B9-48FE-8E1F-340D9EA1C056}.Release|Any CPU.ActiveCfg = Release|Any CPU
		{B981B699-47B9-48FE-8E1F-340D9EA1C056}.Release|Any CPU.Build.0 = Release|Any CPU
		{ECE32BCE-F2E0-4629-9974-4EA0A644D140}.Debug|Any CPU.ActiveCfg = Debug|Any CPU
		{ECE32BCE-F2E0-4629-9974-4EA0A644D140}.Debug|Any CPU.Build.0 = Debug|Any CPU
		{ECE32BCE-F2E0-4629-9974-4EA0A644D140}.Package|Any CPU.ActiveCfg = Debug|Any CPU
		{ECE32BCE-F2E0-4629-9974-4EA0A644D140}.Package|Any CPU.Build.0 = Debug|Any CPU
		{ECE32BCE-F2E0-4629-9974-4EA0A644D140}.Release|Any CPU.ActiveCfg = Release|Any CPU
		{ECE32BCE-F2E0-4629-9974-4EA0A644D140}.Release|Any CPU.Build.0 = Release|Any CPU
		{67F84EAE-B4F1-41B3-AD5B-B58A4EBE29E7}.Debug|Any CPU.ActiveCfg = Debug|Any CPU
		{67F84EAE-B4F1-41B3-AD5B-B58A4EBE29E7}.Debug|Any CPU.Build.0 = Debug|Any CPU
		{67F84EAE-B4F1-41B3-AD5B-B58A4EBE29E7}.Package|Any CPU.ActiveCfg = Debug|Any CPU
		{67F84EAE-B4F1-41B3-AD5B-B58A4EBE29E7}.Package|Any CPU.Build.0 = Debug|Any CPU
		{67F84EAE-B4F1-41B3-AD5B-B58A4EBE29E7}.Release|Any CPU.ActiveCfg = Release|Any CPU
		{67F84EAE-B4F1-41B3-AD5B-B58A4EBE29E7}.Release|Any CPU.Build.0 = Release|Any CPU
		{EBC0233E-F9F2-4B60-B145-143CD650A63B}.Debug|Any CPU.ActiveCfg = Debug|Any CPU
		{EBC0233E-F9F2-4B60-B145-143CD650A63B}.Debug|Any CPU.Build.0 = Debug|Any CPU
		{EBC0233E-F9F2-4B60-B145-143CD650A63B}.Package|Any CPU.ActiveCfg = Package|Any CPU
		{EBC0233E-F9F2-4B60-B145-143CD650A63B}.Package|Any CPU.Build.0 = Package|Any CPU
		{EBC0233E-F9F2-4B60-B145-143CD650A63B}.Release|Any CPU.ActiveCfg = Release|Any CPU
		{EBC0233E-F9F2-4B60-B145-143CD650A63B}.Release|Any CPU.Build.0 = Release|Any CPU
		{06886DE2-4DB9-44C0-AD47-AA17B78B0C35}.Debug|Any CPU.ActiveCfg = Debug|Any CPU
		{06886DE2-4DB9-44C0-AD47-AA17B78B0C35}.Debug|Any CPU.Build.0 = Debug|Any CPU
		{06886DE2-4DB9-44C0-AD47-AA17B78B0C35}.Package|Any CPU.ActiveCfg = Package|Any CPU
		{06886DE2-4DB9-44C0-AD47-AA17B78B0C35}.Package|Any CPU.Build.0 = Package|Any CPU
		{06886DE2-4DB9-44C0-AD47-AA17B78B0C35}.Release|Any CPU.ActiveCfg = Release|Any CPU
		{06886DE2-4DB9-44C0-AD47-AA17B78B0C35}.Release|Any CPU.Build.0 = Release|Any CPU
		{26B7B845-E2CF-4378-9091-64D0B065F30F}.Debug|Any CPU.ActiveCfg = Debug|Any CPU
		{26B7B845-E2CF-4378-9091-64D0B065F30F}.Debug|Any CPU.Build.0 = Debug|Any CPU
		{26B7B845-E2CF-4378-9091-64D0B065F30F}.Package|Any CPU.ActiveCfg = Debug|Any CPU
		{26B7B845-E2CF-4378-9091-64D0B065F30F}.Package|Any CPU.Build.0 = Debug|Any CPU
		{26B7B845-E2CF-4378-9091-64D0B065F30F}.Release|Any CPU.ActiveCfg = Release|Any CPU
		{26B7B845-E2CF-4378-9091-64D0B065F30F}.Release|Any CPU.Build.0 = Release|Any CPU
		{C9886626-344D-4FCE-A5FC-79C32B7CF78F}.Debug|Any CPU.ActiveCfg = Debug|Any CPU
		{C9886626-344D-4FCE-A5FC-79C32B7CF78F}.Debug|Any CPU.Build.0 = Debug|Any CPU
		{C9886626-344D-4FCE-A5FC-79C32B7CF78F}.Package|Any CPU.ActiveCfg = Debug|Any CPU
		{C9886626-344D-4FCE-A5FC-79C32B7CF78F}.Package|Any CPU.Build.0 = Debug|Any CPU
		{C9886626-344D-4FCE-A5FC-79C32B7CF78F}.Release|Any CPU.ActiveCfg = Release|Any CPU
		{C9886626-344D-4FCE-A5FC-79C32B7CF78F}.Release|Any CPU.Build.0 = Release|Any CPU
	EndGlobalSection
	GlobalSection(SolutionProperties) = preSolution
		HideSolutionNode = FALSE
	EndGlobalSection
	GlobalSection(NestedProjects) = preSolution
		{2677E37D-3C60-40A2-9767-2C02C1085E20} = {A901CEE4-B5B1-436D-9759-FCC8AAE8614B}
		{0395829E-E685-4528-A9E9-99A937BB8A9B} = {9978C9A9-CC56-49A8-B63A-D453BE1A4230}
		{D0FBC101-3D5E-4C14-BF02-3D49ECE3FF31} = {9978C9A9-CC56-49A8-B63A-D453BE1A4230}
		{1ED911F5-AC23-44BB-B8BF-460561B3B2F7} = {A901CEE4-B5B1-436D-9759-FCC8AAE8614B}
		{2D2923BD-C934-407C-ACF7-365C2169305D} = {9978C9A9-CC56-49A8-B63A-D453BE1A4230}
		{B981B699-47B9-48FE-8E1F-340D9EA1C056} = {BC07D78C-9B04-4401-8C87-F84E51051EA8}
		{ECE32BCE-F2E0-4629-9974-4EA0A644D140} = {BC07D78C-9B04-4401-8C87-F84E51051EA8}
		{67F84EAE-B4F1-41B3-AD5B-B58A4EBE29E7} = {BC07D78C-9B04-4401-8C87-F84E51051EA8}
		{98BAD7BE-697D-4639-99D5-2CC0B8F54D4A} = {89BDE224-A1E6-4CEF-86C8-79798C337F3C}
		{A901CEE4-B5B1-436D-9759-FCC8AAE8614B} = {98BAD7BE-697D-4639-99D5-2CC0B8F54D4A}
		{9978C9A9-CC56-49A8-B63A-D453BE1A4230} = {98BAD7BE-697D-4639-99D5-2CC0B8F54D4A}
		{BC07D78C-9B04-4401-8C87-F84E51051EA8} = {9978C9A9-CC56-49A8-B63A-D453BE1A4230}
		{EBC0233E-F9F2-4B60-B145-143CD650A63B} = {E2B27D3D-D7ED-49E1-8AF0-103A8C28C7A3}
		{06886DE2-4DB9-44C0-AD47-AA17B78B0C35} = {09A02B9E-4640-4D45-8238-4D04F7BEBCA4}
		{26B7B845-E2CF-4378-9091-64D0B065F30F} = {09A02B9E-4640-4D45-8238-4D04F7BEBCA4}
		{C9886626-344D-4FCE-A5FC-79C32B7CF78F} = {09A02B9E-4640-4D45-8238-4D04F7BEBCA4}
	EndGlobalSection
	GlobalSection(ExtensibilityGlobals) = postSolution
		SolutionGuid = {EE4FB0BF-E916-43BC-BE61-00C6AFAE8041}
	EndGlobalSection
EndGlobal
