
Microsoft Visual Studio Solution File, Format Version 12.00
# Visual Studio Version 17
VisualStudioVersion = 17.3.32714.290
MinimumVisualStudioVersion = 10.0.40219.1
Project("{2150E333-8FDC-42A3-9474-1A3956D46DE8}") = "Services", "Services", "{DC4D7F0B-7955-462F-9209-7FAE3082BBA9}"
EndProject
Project("{2150E333-8FDC-42A3-9474-1A3956D46DE8}") = "Test Suite", "Test Suite", "{09A02B9E-4640-4D45-8238-4D04F7BEBCA4}"
EndProject
Project("{9A19103F-16F7-4668-BE54-9A1E7A4F7556}") = "Gantry.Core", "src\Gantry.Core\Gantry.Core.csproj", "{2677E37D-3C60-40A2-9767-2C02C1085E20}"
EndProject
Project("{2150E333-8FDC-42A3-9474-1A3956D46DE8}") = "MDK", "MDK", "{D990C8B4-0FC1-45EF-908C-F2C3CC837325}"
	ProjectSection(SolutionItems) = preProject
		src\Directory.Build.props = src\Directory.Build.props
		src\Directory.Build.targets = src\Directory.Build.targets
	EndProjectSection
EndProject
Project("{2150E333-8FDC-42A3-9474-1A3956D46DE8}") = "Tools", "Tools", "{E2B27D3D-D7ED-49E1-8AF0-103A8C28C7A3}"
EndProject
Project("{2150E333-8FDC-42A3-9474-1A3956D46DE8}") = "Extensions", "Extensions", "{221A969C-9D3C-4E73-9E0D-103C9C589FF4}"
EndProject
Project("{2150E333-8FDC-42A3-9474-1A3956D46DE8}") = "Core", "Core", "{1ABAC4C7-09C5-41C5-97E3-25F8E4F51163}"
EndProject
Project("{2150E333-8FDC-42A3-9474-1A3956D46DE8}") = "Maths", "Maths", "{3DCA3176-CA08-47A0-BBF7-6C229102BEC4}"
EndProject
Project("{9A19103F-16F7-4668-BE54-9A1E7A4F7556}") = "Gantry.Tests.Unit", "tests\Gantry.Tests.Unit\Gantry.Tests.Unit.csproj", "{32748082-204D-4579-A6B9-EF0574B7D1C7}"
EndProject
Project("{9A19103F-16F7-4668-BE54-9A1E7A4F7556}") = "Gantry.Tests.Benchmarks", "tests\Gantry.Tests.Benchmarks\Gantry.Tests.Benchmarks.csproj", "{884658E6-905D-44D3-A8DE-4F8A6F2EFB4F}"
EndProject
Project("{FAE04EC0-301F-11D3-BF4B-00C04F79EFBC}") = "Gantry.Tests.Integration", "tests\Gantry.Tests.Integration\Gantry.Tests.Integration.csproj", "{5EDED8C7-F0EF-48FB-966A-179C0F92C8E4}"
EndProject
Global
	GlobalSection(SolutionConfigurationPlatforms) = preSolution
		Debug|Any CPU = Debug|Any CPU
		Package|Any CPU = Package|Any CPU
		Release|Any CPU = Release|Any CPU
	EndGlobalSection
	GlobalSection(ProjectConfigurationPlatforms) = postSolution
		{2677E37D-3C60-40A2-9767-2C02C1085E20}.Debug|Any CPU.ActiveCfg = Debug|Any CPU
		{2677E37D-3C60-40A2-9767-2C02C1085E20}.Debug|Any CPU.Build.0 = Debug|Any CPU
		{2677E37D-3C60-40A2-9767-2C02C1085E20}.Package|Any CPU.ActiveCfg = Debug|Any CPU
		{2677E37D-3C60-40A2-9767-2C02C1085E20}.Package|Any CPU.Build.0 = Debug|Any CPU
		{2677E37D-3C60-40A2-9767-2C02C1085E20}.Release|Any CPU.ActiveCfg = Release|Any CPU
		{2677E37D-3C60-40A2-9767-2C02C1085E20}.Release|Any CPU.Build.0 = Release|Any CPU
		{32748082-204D-4579-A6B9-EF0574B7D1C7}.Debug|Any CPU.ActiveCfg = Debug|Any CPU
		{32748082-204D-4579-A6B9-EF0574B7D1C7}.Debug|Any CPU.Build.0 = Debug|Any CPU
		{32748082-204D-4579-A6B9-EF0574B7D1C7}.Package|Any CPU.ActiveCfg = Debug|Any CPU
		{32748082-204D-4579-A6B9-EF0574B7D1C7}.Package|Any CPU.Build.0 = Debug|Any CPU
		{32748082-204D-4579-A6B9-EF0574B7D1C7}.Release|Any CPU.ActiveCfg = Release|Any CPU
		{32748082-204D-4579-A6B9-EF0574B7D1C7}.Release|Any CPU.Build.0 = Release|Any CPU
		{884658E6-905D-44D3-A8DE-4F8A6F2EFB4F}.Debug|Any CPU.ActiveCfg = Debug|Any CPU
		{884658E6-905D-44D3-A8DE-4F8A6F2EFB4F}.Debug|Any CPU.Build.0 = Debug|Any CPU
		{884658E6-905D-44D3-A8DE-4F8A6F2EFB4F}.Package|Any CPU.ActiveCfg = Debug|Any CPU
		{884658E6-905D-44D3-A8DE-4F8A6F2EFB4F}.Package|Any CPU.Build.0 = Debug|Any CPU
		{884658E6-905D-44D3-A8DE-4F8A6F2EFB4F}.Release|Any CPU.ActiveCfg = Release|Any CPU
		{884658E6-905D-44D3-A8DE-4F8A6F2EFB4F}.Release|Any CPU.Build.0 = Release|Any CPU
		{5EDED8C7-F0EF-48FB-966A-179C0F92C8E4}.Debug|Any CPU.ActiveCfg = Debug|Any CPU
		{5EDED8C7-F0EF-48FB-966A-179C0F92C8E4}.Debug|Any CPU.Build.0 = Debug|Any CPU
		{5EDED8C7-F0EF-48FB-966A-179C0F92C8E4}.Package|Any CPU.ActiveCfg = Debug|Any CPU
		{5EDED8C7-F0EF-48FB-966A-179C0F92C8E4}.Package|Any CPU.Build.0 = Debug|Any CPU
		{5EDED8C7-F0EF-48FB-966A-179C0F92C8E4}.Release|Any CPU.ActiveCfg = Release|Any CPU
		{5EDED8C7-F0EF-48FB-966A-179C0F92C8E4}.Release|Any CPU.Build.0 = Release|Any CPU
	EndGlobalSection
	GlobalSection(SolutionProperties) = preSolution
		HideSolutionNode = FALSE
	EndGlobalSection
	GlobalSection(NestedProjects) = preSolution
		{DC4D7F0B-7955-462F-9209-7FAE3082BBA9} = {D990C8B4-0FC1-45EF-908C-F2C3CC837325}
		{2677E37D-3C60-40A2-9767-2C02C1085E20} = {1ABAC4C7-09C5-41C5-97E3-25F8E4F51163}
		{221A969C-9D3C-4E73-9E0D-103C9C589FF4} = {D990C8B4-0FC1-45EF-908C-F2C3CC837325}
		{1ABAC4C7-09C5-41C5-97E3-25F8E4F51163} = {D990C8B4-0FC1-45EF-908C-F2C3CC837325}
		{3DCA3176-CA08-47A0-BBF7-6C229102BEC4} = {D990C8B4-0FC1-45EF-908C-F2C3CC837325}
		{32748082-204D-4579-A6B9-EF0574B7D1C7} = {09A02B9E-4640-4D45-8238-4D04F7BEBCA4}
		{884658E6-905D-44D3-A8DE-4F8A6F2EFB4F} = {09A02B9E-4640-4D45-8238-4D04F7BEBCA4}
		{5EDED8C7-F0EF-48FB-966A-179C0F92C8E4} = {09A02B9E-4640-4D45-8238-4D04F7BEBCA4}
	EndGlobalSection
	GlobalSection(ExtensibilityGlobals) = postSolution
		SolutionGuid = {EE4FB0BF-E916-43BC-BE61-00C6AFAE8041}
	EndGlobalSection
EndGlobal
